<?xml version="1.0" encoding="UTF-8"?>
<Scheme
   LastUpgradeVersion = "1310"
   version = "1.7">
   <BuildAction
      parallelizeBuildables = "YES"
      buildImplicitDependencies = "YES">
      <BuildActionEntries>
         <BuildActionEntry
            buildForTesting = "YES"
            buildForRunning = "YES"
            buildForProfiling = "YES"
            buildForArchiving = "YES"
            buildForAnalyzing = "YES">
            <BuildableReference
               BuildableIdentifier = "primary"
               BlueprintIdentifier = "155D26992731A580007125CB"
               BuildableName = "Run!.app"
               BlueprintName = "Run!"
               ReferencedContainer = "container:Run!.xcodeproj">
            </BuildableReference>
         </BuildActionEntry>
      </BuildActionEntries>
   </BuildAction>
   <TestAction
      buildConfiguration = "Debug"
      selectedDebuggerIdentifier = "Xcode.DebuggerFoundation.Debugger.LLDB"
      selectedLauncherIdentifier = "Xcode.DebuggerFoundation.Launcher.LLDB"
      shouldUseLaunchSchemeArgsEnv = "YES"
      codeCoverageEnabled = "YES">
      <TestPlans>
      </TestPlans>
      <Testables>
         <TestableReference
            skipped = "NO">
            <BuildableReference
               BuildableIdentifier = "primary"
               BlueprintIdentifier = "155D26A92731A595007125CB"
               BuildableName = "Run!Tests.xctest"
               BlueprintName = "Run!Tests"
               ReferencedContainer = "container:Run!.xcodeproj">
            </BuildableReference>
            <SkippedTests>
               <Test
                  Identifier = "IntegrationTests/testCollectAclNotAllowed()">
               </Test>
               <Test
                  Identifier = "IntegrationTests/testCollectAclOnlyAllowed()">
               </Test>
               <Test
                  Identifier = "IntegrationTests/testCollectBleNotAllowed()">
               </Test>
               <Test
                  Identifier = "IntegrationTests/testCollectBleOnlyAllowed()">
               </Test>
               <Test
                  Identifier = "IntegrationTests/testCollectGpsNotAllowed()">
               </Test>
               <Test
                  Identifier = "IntegrationTests/testCollectGpsOnlyAllowed()">
               </Test>
               <Test
                  Identifier = "IntegrationTests/testCollectNormalOperation()">
               </Test>
            </SkippedTests>
         </TestableReference>
         <TestableReference
            skipped = "NO">
            <BuildableReference
               BuildableIdentifier = "primary"
               BlueprintIdentifier = "155D26B32731A595007125CB"
               BuildableName = "Run!UITests.xctest"
               BlueprintName = "Run!UITests"
               ReferencedContainer = "container:Run!.xcodeproj">
            </BuildableReference>
         </TestableReference>
      </Testables>
   </TestAction>
   <LaunchAction
      buildConfiguration = "Debug"
      selectedDebuggerIdentifier = "Xcode.DebuggerFoundation.Debugger.LLDB"
      selectedLauncherIdentifier = "Xcode.DebuggerFoundation.Launcher.LLDB"
      launchStyle = "0"
      useCustomWorkingDirectory = "NO"
      ignoresPersistentStateOnLaunch = "NO"
      debugDocumentVersioning = "YES"
      debugServiceExtension = "internal"
      allowLocationSimulation = "YES">
      <BuildableProductRunnable
         runnableDebuggingMode = "0">
         <BuildableReference
            BuildableIdentifier = "primary"
            BlueprintIdentifier = "155D26992731A580007125CB"
            BuildableName = "Run!.app"
            BlueprintName = "Run!"
            ReferencedContainer = "container:Run!.xcodeproj">
         </BuildableReference>
      </BuildableProductRunnable>
   </LaunchAction>
   <ProfileAction
      buildConfiguration = "Release"
      shouldUseLaunchSchemeArgsEnv = "YES"
      savedToolIdentifier = ""
      useCustomWorkingDirectory = "NO"
      debugDocumentVersioning = "YES">
      <BuildableProductRunnable
         runnableDebuggingMode = "0">
         <BuildableReference
            BuildableIdentifier = "primary"
            BlueprintIdentifier = "155D26992731A580007125CB"
            BuildableName = "Run!.app"
            BlueprintName = "Run!"
            ReferencedContainer = "container:Run!.xcodeproj">
         </BuildableReference>
      </BuildableProductRunnable>
   </ProfileAction>
   <AnalyzeAction
      buildConfiguration = "Debug">
   </AnalyzeAction>
   <ArchiveAction
      buildConfiguration = "Release"
      revealArchiveInOrganizer = "YES">
   </ArchiveAction>
</Scheme>
