// !$*UTF8*$!
{
	archiveVersion = 1;
	classes = {
	};
	objectVersion = 50;
	objects = {

/* Begin PBXBuildFile section */
		15089615267F4D3900D83F4B /* MapView.swift in Sources */ = {isa = PBXBuildFile; fileRef = 15089614267F4D3900D83F4B /* MapView.swift */; };
		150896192683881300D83F4B /* StatsView.swift in Sources */ = {isa = PBXBuildFile; fileRef = 150896182683881300D83F4B /* StatsView.swift */; };
		151D16A026A9544E006E6D5E /* Stackoverflow.swift in Sources */ = {isa = PBXBuildFile; fileRef = 151D169F26A9544E006E6D5E /* Stackoverflow.swift */; };
		151D16A226A9B8F5006E6D5E /* HrView.swift in Sources */ = {isa = PBXBuildFile; fileRef = 151D16A126A9B8F5006E6D5E /* HrView.swift */; };
		153DCED5267A298300D51E56 /* RunningFormulas.swift in Sources */ = {isa = PBXBuildFile; fileRef = 153DCED4267A298300D51E56 /* RunningFormulas.swift */; };
		153DCEDD267A2CF600D51E56 /* Running_with_Jack_DanielsTests.swift in Sources */ = {isa = PBXBuildFile; fileRef = 153DCEDC267A2CF600D51E56 /* Running_with_Jack_DanielsTests.swift */; };
		1560909E267C7AF7006053BE /* BleHeartrateReceiver.swift in Sources */ = {isa = PBXBuildFile; fileRef = 1560909D267C7AF7006053BE /* BleHeartrateReceiver.swift */; };
		156B442926E9FC4400205598 /* Generics.swift in Sources */ = {isa = PBXBuildFile; fileRef = 156B442826E9FC4300205598 /* Generics.swift */; };
		156B442B26F0ED5200205598 /* EventsManager.swift in Sources */ = {isa = PBXBuildFile; fileRef = 156B442A26F0ED5200205598 /* EventsManager.swift */; };
		156B442D26F1B73700205598 /* IntensityReceiver.swift in Sources */ = {isa = PBXBuildFile; fileRef = 156B442C26F1B73700205598 /* IntensityReceiver.swift */; };
		156B442F26F2493800205598 /* SegmentIdReceiver.swift in Sources */ = {isa = PBXBuildFile; fileRef = 156B442E26F2493800205598 /* SegmentIdReceiver.swift */; };
		156B443126F26F0500205598 /* AggregateManager.swift in Sources */ = {isa = PBXBuildFile; fileRef = 156B443026F26F0500205598 /* AggregateManager.swift */; };
		157DC92726D8FF6500E8A7AE /* EventsModel.swift in Sources */ = {isa = PBXBuildFile; fileRef = 157DC92626D8FF6500E8A7AE /* EventsModel.swift */; };
		157DC92926D9040F00E8A7AE /* EventTests.swift in Sources */ = {isa = PBXBuildFile; fileRef = 157DC92826D9040F00E8A7AE /* EventTests.swift */; };
		15A24D882674C65200A08635 /* Running_with_Jack_DanielsApp.swift in Sources */ = {isa = PBXBuildFile; fileRef = 15A24D872674C65200A08635 /* Running_with_Jack_DanielsApp.swift */; };
		15A24D8A2674C65200A08635 /* RunView.swift in Sources */ = {isa = PBXBuildFile; fileRef = 15A24D892674C65200A08635 /* RunView.swift */; };
		15A24D8C2674C65500A08635 /* Assets.xcassets in Resources */ = {isa = PBXBuildFile; fileRef = 15A24D8B2674C65500A08635 /* Assets.xcassets */; };
		15A24D8F2674C65500A08635 /* Preview Assets.xcassets in Resources */ = {isa = PBXBuildFile; fileRef = 15A24D8E2674C65500A08635 /* Preview Assets.xcassets */; };
		15A24D992674C69800A08635 /* HealthKit.framework in Frameworks */ = {isa = PBXBuildFile; fileRef = 15A24D982674C69800A08635 /* HealthKit.framework */; };
		15A67D1A268A4D0C009FD421 /* PlanningFormulas.swift in Sources */ = {isa = PBXBuildFile; fileRef = 15A67D19268A4D0C009FD421 /* PlanningFormulas.swift */; };
		15A67D1C2695E006009FD421 /* NaviView.swift in Sources */ = {isa = PBXBuildFile; fileRef = 15A67D1B2695E006009FD421 /* NaviView.swift */; };
		15A67D1E2695EAC8009FD421 /* Database.swift in Sources */ = {isa = PBXBuildFile; fileRef = 15A67D1D2695EAC8009FD421 /* Database.swift */; };
		15D31C4826BB115C00CEFD35 /* MapKitView.swift in Sources */ = {isa = PBXBuildFile; fileRef = 15D31C4726BB115C00CEFD35 /* MapKitView.swift */; };
		15D31C4A26BC1E7300CEFD35 /* GpsLocationReceiver.swift in Sources */ = {isa = PBXBuildFile; fileRef = 15D31C4926BC1E7300CEFD35 /* GpsLocationReceiver.swift */; };
		15D31C4E26BEB2E100CEFD35 /* AclMotionReceiver.swift in Sources */ = {isa = PBXBuildFile; fileRef = 15D31C4D26BEB2E100CEFD35 /* AclMotionReceiver.swift */; };
		15FF2752269F096D00D2DE50 /* HealthKitModel.swift in Sources */ = {isa = PBXBuildFile; fileRef = 15FF2751269F096D00D2DE50 /* HealthKitModel.swift */; };
		15FF275426A445FC00D2DE50 /* PlanView.swift in Sources */ = {isa = PBXBuildFile; fileRef = 15FF275326A445FC00D2DE50 /* PlanView.swift */; };
/* End PBXBuildFile section */

/* Begin PBXContainerItemProxy section */
		153DCEDF267A2CF600D51E56 /* PBXContainerItemProxy */ = {
			isa = PBXContainerItemProxy;
			containerPortal = 15A24D7C2674C65200A08635 /* Project object */;
			proxyType = 1;
			remoteGlobalIDString = 15A24D832674C65200A08635;
			remoteInfo = "Running-with-Jack-Daniels";
		};
/* End PBXContainerItemProxy section */

/* Begin PBXFileReference section */
		15089614267F4D3900D83F4B /* MapView.swift */ = {isa = PBXFileReference; lastKnownFileType = sourcecode.swift; path = MapView.swift; sourceTree = "<group>"; };
		150896182683881300D83F4B /* StatsView.swift */ = {isa = PBXFileReference; lastKnownFileType = sourcecode.swift; path = StatsView.swift; sourceTree = "<group>"; };
		151D169F26A9544E006E6D5E /* Stackoverflow.swift */ = {isa = PBXFileReference; lastKnownFileType = sourcecode.swift; path = Stackoverflow.swift; sourceTree = "<group>"; };
		151D16A126A9B8F5006E6D5E /* HrView.swift */ = {isa = PBXFileReference; lastKnownFileType = sourcecode.swift; path = HrView.swift; sourceTree = "<group>"; };
		153DCED4267A298300D51E56 /* RunningFormulas.swift */ = {isa = PBXFileReference; lastKnownFileType = sourcecode.swift; path = RunningFormulas.swift; sourceTree = "<group>"; };
		153DCEDA267A2CF600D51E56 /* Running-with-Jack-DanielsTests.xctest */ = {isa = PBXFileReference; explicitFileType = wrapper.cfbundle; includeInIndex = 0; path = "Running-with-Jack-DanielsTests.xctest"; sourceTree = BUILT_PRODUCTS_DIR; };
		153DCEDC267A2CF600D51E56 /* Running_with_Jack_DanielsTests.swift */ = {isa = PBXFileReference; lastKnownFileType = sourcecode.swift; path = Running_with_Jack_DanielsTests.swift; sourceTree = "<group>"; };
		153DCEDE267A2CF600D51E56 /* Info.plist */ = {isa = PBXFileReference; lastKnownFileType = text.plist.xml; path = Info.plist; sourceTree = "<group>"; };
		1560909D267C7AF7006053BE /* BleHeartrateReceiver.swift */ = {isa = PBXFileReference; lastKnownFileType = sourcecode.swift; path = BleHeartrateReceiver.swift; sourceTree = "<group>"; };
		156B442826E9FC4300205598 /* Generics.swift */ = {isa = PBXFileReference; lastKnownFileType = sourcecode.swift; path = Generics.swift; sourceTree = "<group>"; };
		156B442A26F0ED5200205598 /* EventsManager.swift */ = {isa = PBXFileReference; lastKnownFileType = sourcecode.swift; path = EventsManager.swift; sourceTree = "<group>"; };
		156B442C26F1B73700205598 /* IntensityReceiver.swift */ = {isa = PBXFileReference; lastKnownFileType = sourcecode.swift; path = IntensityReceiver.swift; sourceTree = "<group>"; };
		156B442E26F2493800205598 /* SegmentIdReceiver.swift */ = {isa = PBXFileReference; lastKnownFileType = sourcecode.swift; path = SegmentIdReceiver.swift; sourceTree = "<group>"; };
		156B443026F26F0500205598 /* AggregateManager.swift */ = {isa = PBXFileReference; lastKnownFileType = sourcecode.swift; path = AggregateManager.swift; sourceTree = "<group>"; };
		157DC92626D8FF6500E8A7AE /* EventsModel.swift */ = {isa = PBXFileReference; lastKnownFileType = sourcecode.swift; path = EventsModel.swift; sourceTree = "<group>"; };
		157DC92826D9040F00E8A7AE /* EventTests.swift */ = {isa = PBXFileReference; lastKnownFileType = sourcecode.swift; path = EventTests.swift; sourceTree = "<group>"; };
		15A24D842674C65200A08635 /* Running-with-Jack-Daniels.app */ = {isa = PBXFileReference; explicitFileType = wrapper.application; includeInIndex = 0; path = "Running-with-Jack-Daniels.app"; sourceTree = BUILT_PRODUCTS_DIR; };
		15A24D872674C65200A08635 /* Running_with_Jack_DanielsApp.swift */ = {isa = PBXFileReference; lastKnownFileType = sourcecode.swift; path = Running_with_Jack_DanielsApp.swift; sourceTree = "<group>"; };
		15A24D892674C65200A08635 /* RunView.swift */ = {isa = PBXFileReference; lastKnownFileType = sourcecode.swift; path = RunView.swift; sourceTree = "<group>"; };
		15A24D8B2674C65500A08635 /* Assets.xcassets */ = {isa = PBXFileReference; lastKnownFileType = folder.assetcatalog; path = Assets.xcassets; sourceTree = "<group>"; };
		15A24D8E2674C65500A08635 /* Preview Assets.xcassets */ = {isa = PBXFileReference; lastKnownFileType = folder.assetcatalog; path = "Preview Assets.xcassets"; sourceTree = "<group>"; };
		15A24D902674C65500A08635 /* Info.plist */ = {isa = PBXFileReference; lastKnownFileType = text.plist.xml; path = Info.plist; sourceTree = "<group>"; };
		15A24D962674C69800A08635 /* Running-with-Jack-Daniels.entitlements */ = {isa = PBXFileReference; lastKnownFileType = text.plist.entitlements; path = "Running-with-Jack-Daniels.entitlements"; sourceTree = "<group>"; };
		15A24D982674C69800A08635 /* HealthKit.framework */ = {isa = PBXFileReference; lastKnownFileType = wrapper.framework; name = HealthKit.framework; path = System/Library/Frameworks/HealthKit.framework; sourceTree = SDKROOT; };
		15A67D19268A4D0C009FD421 /* PlanningFormulas.swift */ = {isa = PBXFileReference; lastKnownFileType = sourcecode.swift; path = PlanningFormulas.swift; sourceTree = "<group>"; };
		15A67D1B2695E006009FD421 /* NaviView.swift */ = {isa = PBXFileReference; lastKnownFileType = sourcecode.swift; path = NaviView.swift; sourceTree = "<group>"; };
		15A67D1D2695EAC8009FD421 /* Database.swift */ = {isa = PBXFileReference; lastKnownFileType = sourcecode.swift; path = Database.swift; sourceTree = "<group>"; };
		15D31C4726BB115C00CEFD35 /* MapKitView.swift */ = {isa = PBXFileReference; lastKnownFileType = sourcecode.swift; path = MapKitView.swift; sourceTree = "<group>"; };
		15D31C4926BC1E7300CEFD35 /* GpsLocationReceiver.swift */ = {isa = PBXFileReference; lastKnownFileType = sourcecode.swift; path = GpsLocationReceiver.swift; sourceTree = "<group>"; };
		15D31C4D26BEB2E100CEFD35 /* AclMotionReceiver.swift */ = {isa = PBXFileReference; lastKnownFileType = sourcecode.swift; path = AclMotionReceiver.swift; sourceTree = "<group>"; };
		15FF2751269F096D00D2DE50 /* HealthKitModel.swift */ = {isa = PBXFileReference; lastKnownFileType = sourcecode.swift; path = HealthKitModel.swift; sourceTree = "<group>"; };
		15FF275326A445FC00D2DE50 /* PlanView.swift */ = {isa = PBXFileReference; lastKnownFileType = sourcecode.swift; path = PlanView.swift; sourceTree = "<group>"; };
/* End PBXFileReference section */

/* Begin PBXFrameworksBuildPhase section */
		153DCED7267A2CF500D51E56 /* Frameworks */ = {
			isa = PBXFrameworksBuildPhase;
			buildActionMask = 2147483647;
			files = (
			);
			runOnlyForDeploymentPostprocessing = 0;
		};
		15A24D812674C65200A08635 /* Frameworks */ = {
			isa = PBXFrameworksBuildPhase;
			buildActionMask = 2147483647;
			files = (
				15A24D992674C69800A08635 /* HealthKit.framework in Frameworks */,
			);
			runOnlyForDeploymentPostprocessing = 0;
		};
/* End PBXFrameworksBuildPhase section */

/* Begin PBXGroup section */
		153DCED2267A291B00D51E56 /* Models */ = {
			isa = PBXGroup;
			children = (
				15FF2751269F096D00D2DE50 /* HealthKitModel.swift */,
				15A67D1D2695EAC8009FD421 /* Database.swift */,
				153DCED4267A298300D51E56 /* RunningFormulas.swift */,
				15A67D19268A4D0C009FD421 /* PlanningFormulas.swift */,
				156B442826E9FC4300205598 /* Generics.swift */,
			);
			path = Models;
			sourceTree = "<group>";
		};
		153DCED3267A292800D51E56 /* Views */ = {
			isa = PBXGroup;
			children = (
				15A67D1B2695E006009FD421 /* NaviView.swift */,
				15FF275326A445FC00D2DE50 /* PlanView.swift */,
				15A24D892674C65200A08635 /* RunView.swift */,
				15089614267F4D3900D83F4B /* MapView.swift */,
				15D31C4726BB115C00CEFD35 /* MapKitView.swift */,
				151D16A126A9B8F5006E6D5E /* HrView.swift */,
				150896182683881300D83F4B /* StatsView.swift */,
				151D169F26A9544E006E6D5E /* Stackoverflow.swift */,
			);
			path = Views;
			sourceTree = "<group>";
		};
		153DCEDB267A2CF600D51E56 /* Running-with-Jack-DanielsTests */ = {
			isa = PBXGroup;
			children = (
				153DCEDC267A2CF600D51E56 /* Running_with_Jack_DanielsTests.swift */,
				157DC92826D9040F00E8A7AE /* EventTests.swift */,
				153DCEDE267A2CF600D51E56 /* Info.plist */,
			);
			path = "Running-with-Jack-DanielsTests";
			sourceTree = "<group>";
		};
		156B443226F5050000205598 /* Events */ = {
			isa = PBXGroup;
			children = (
				1560909D267C7AF7006053BE /* BleHeartrateReceiver.swift */,
				15D31C4926BC1E7300CEFD35 /* GpsLocationReceiver.swift */,
				15D31C4D26BEB2E100CEFD35 /* AclMotionReceiver.swift */,
				156B442C26F1B73700205598 /* IntensityReceiver.swift */,
				156B442E26F2493800205598 /* SegmentIdReceiver.swift */,
				156B442A26F0ED5200205598 /* EventsManager.swift */,
				156B443026F26F0500205598 /* AggregateManager.swift */,
				157DC92626D8FF6500E8A7AE /* EventsModel.swift */,
			);
			path = Events;
			sourceTree = "<group>";
		};
		15A24D7B2674C65200A08635 = {
			isa = PBXGroup;
			children = (
				15A24D862674C65200A08635 /* Running-with-Jack-Daniels */,
				153DCEDB267A2CF600D51E56 /* Running-with-Jack-DanielsTests */,
				15A24D852674C65200A08635 /* Products */,
				15A24D972674C69800A08635 /* Frameworks */,
			);
			sourceTree = "<group>";
		};
		15A24D852674C65200A08635 /* Products */ = {
			isa = PBXGroup;
			children = (
				15A24D842674C65200A08635 /* Running-with-Jack-Daniels.app */,
				153DCEDA267A2CF600D51E56 /* Running-with-Jack-DanielsTests.xctest */,
			);
			name = Products;
			sourceTree = "<group>";
		};
		15A24D862674C65200A08635 /* Running-with-Jack-Daniels */ = {
			isa = PBXGroup;
			children = (
				153DCED3267A292800D51E56 /* Views */,
				156B443226F5050000205598 /* Events */,
				153DCED2267A291B00D51E56 /* Models */,
				15A24D962674C69800A08635 /* Running-with-Jack-Daniels.entitlements */,
				15A24D872674C65200A08635 /* Running_with_Jack_DanielsApp.swift */,
				15A24D8B2674C65500A08635 /* Assets.xcassets */,
				15A24D902674C65500A08635 /* Info.plist */,
				15A24D8D2674C65500A08635 /* Preview Content */,
			);
			path = "Running-with-Jack-Daniels";
			sourceTree = "<group>";
		};
		15A24D8D2674C65500A08635 /* Preview Content */ = {
			isa = PBXGroup;
			children = (
				15A24D8E2674C65500A08635 /* Preview Assets.xcassets */,
			);
			path = "Preview Content";
			sourceTree = "<group>";
		};
		15A24D972674C69800A08635 /* Frameworks */ = {
			isa = PBXGroup;
			children = (
				15A24D982674C69800A08635 /* HealthKit.framework */,
			);
			name = Frameworks;
			sourceTree = "<group>";
		};
/* End PBXGroup section */

/* Begin PBXNativeTarget section */
		153DCED9267A2CF500D51E56 /* Running-with-Jack-DanielsTests */ = {
			isa = PBXNativeTarget;
			buildConfigurationList = 153DCEE1267A2CF600D51E56 /* Build configuration list for PBXNativeTarget "Running-with-Jack-DanielsTests" */;
			buildPhases = (
				153DCED6267A2CF500D51E56 /* Sources */,
				153DCED7267A2CF500D51E56 /* Frameworks */,
				153DCED8267A2CF500D51E56 /* Resources */,
			);
			buildRules = (
			);
			dependencies = (
				153DCEE0267A2CF600D51E56 /* PBXTargetDependency */,
			);
			name = "Running-with-Jack-DanielsTests";
			productName = "Running-with-Jack-DanielsTests";
			productReference = 153DCEDA267A2CF600D51E56 /* Running-with-Jack-DanielsTests.xctest */;
			productType = "com.apple.product-type.bundle.unit-test";
		};
		15A24D832674C65200A08635 /* Running-with-Jack-Daniels */ = {
			isa = PBXNativeTarget;
			buildConfigurationList = 15A24D932674C65500A08635 /* Build configuration list for PBXNativeTarget "Running-with-Jack-Daniels" */;
			buildPhases = (
				15A24D802674C65200A08635 /* Sources */,
				15A24D812674C65200A08635 /* Frameworks */,
				15A24D822674C65200A08635 /* Resources */,
			);
			buildRules = (
			);
			dependencies = (
			);
			name = "Running-with-Jack-Daniels";
			productName = "Running-with-Jack-Daniels";
			productReference = 15A24D842674C65200A08635 /* Running-with-Jack-Daniels.app */;
			productType = "com.apple.product-type.application";
		};
/* End PBXNativeTarget section */

/* Begin PBXProject section */
		15A24D7C2674C65200A08635 /* Project object */ = {
			isa = PBXProject;
			attributes = {
				LastSwiftUpdateCheck = 1250;
				LastUpgradeCheck = 1250;
				TargetAttributes = {
					153DCED9267A2CF500D51E56 = {
						CreatedOnToolsVersion = 12.5;
						TestTargetID = 15A24D832674C65200A08635;
					};
					15A24D832674C65200A08635 = {
						CreatedOnToolsVersion = 12.5;
					};
				};
			};
			buildConfigurationList = 15A24D7F2674C65200A08635 /* Build configuration list for PBXProject "Running-with-Jack-Daniels" */;
			compatibilityVersion = "Xcode 9.3";
			developmentRegion = en;
			hasScannedForEncodings = 0;
			knownRegions = (
				en,
				Base,
			);
			mainGroup = 15A24D7B2674C65200A08635;
			productRefGroup = 15A24D852674C65200A08635 /* Products */;
			projectDirPath = "";
			projectRoot = "";
			targets = (
				15A24D832674C65200A08635 /* Running-with-Jack-Daniels */,
				153DCED9267A2CF500D51E56 /* Running-with-Jack-DanielsTests */,
			);
		};
/* End PBXProject section */

/* Begin PBXResourcesBuildPhase section */
		153DCED8267A2CF500D51E56 /* Resources */ = {
			isa = PBXResourcesBuildPhase;
			buildActionMask = 2147483647;
			files = (
			);
			runOnlyForDeploymentPostprocessing = 0;
		};
		15A24D822674C65200A08635 /* Resources */ = {
			isa = PBXResourcesBuildPhase;
			buildActionMask = 2147483647;
			files = (
				15A24D8F2674C65500A08635 /* Preview Assets.xcassets in Resources */,
				15A24D8C2674C65500A08635 /* Assets.xcassets in Resources */,
			);
			runOnlyForDeploymentPostprocessing = 0;
		};
/* End PBXResourcesBuildPhase section */

/* Begin PBXSourcesBuildPhase section */
		153DCED6267A2CF500D51E56 /* Sources */ = {
			isa = PBXSourcesBuildPhase;
			buildActionMask = 2147483647;
			files = (
				157DC92926D9040F00E8A7AE /* EventTests.swift in Sources */,
				153DCEDD267A2CF600D51E56 /* Running_with_Jack_DanielsTests.swift in Sources */,
			);
			runOnlyForDeploymentPostprocessing = 0;
		};
		15A24D802674C65200A08635 /* Sources */ = {
			isa = PBXSourcesBuildPhase;
			buildActionMask = 2147483647;
			files = (
				15D31C4A26BC1E7300CEFD35 /* GpsLocationReceiver.swift in Sources */,
				15089615267F4D3900D83F4B /* MapView.swift in Sources */,
				15A67D1C2695E006009FD421 /* NaviView.swift in Sources */,
				1560909E267C7AF7006053BE /* BleHeartrateReceiver.swift in Sources */,
				156B442926E9FC4400205598 /* Generics.swift in Sources */,
				157DC92726D8FF6500E8A7AE /* EventsModel.swift in Sources */,
				151D16A026A9544E006E6D5E /* Stackoverflow.swift in Sources */,
				15A24D8A2674C65200A08635 /* RunView.swift in Sources */,
				15A67D1A268A4D0C009FD421 /* PlanningFormulas.swift in Sources */,
				156B443126F26F0500205598 /* AggregateManager.swift in Sources */,
				15FF2752269F096D00D2DE50 /* HealthKitModel.swift in Sources */,
				15D31C4E26BEB2E100CEFD35 /* AclMotionReceiver.swift in Sources */,
				15A67D1E2695EAC8009FD421 /* Database.swift in Sources */,
				15A24D882674C65200A08635 /* Running_with_Jack_DanielsApp.swift in Sources */,
				151D16A226A9B8F5006E6D5E /* HrView.swift in Sources */,
				156B442F26F2493800205598 /* SegmentIdReceiver.swift in Sources */,
				153DCED5267A298300D51E56 /* RunningFormulas.swift in Sources */,
				15D31C4826BB115C00CEFD35 /* MapKitView.swift in Sources */,
				150896192683881300D83F4B /* StatsView.swift in Sources */,
				156B442B26F0ED5200205598 /* EventsManager.swift in Sources */,
				156B442D26F1B73700205598 /* IntensityReceiver.swift in Sources */,
				15FF275426A445FC00D2DE50 /* PlanView.swift in Sources */,
			);
			runOnlyForDeploymentPostprocessing = 0;
		};
/* End PBXSourcesBuildPhase section */

/* Begin PBXTargetDependency section */
		153DCEE0267A2CF600D51E56 /* PBXTargetDependency */ = {
			isa = PBXTargetDependency;
			target = 15A24D832674C65200A08635 /* Running-with-Jack-Daniels */;
			targetProxy = 153DCEDF267A2CF600D51E56 /* PBXContainerItemProxy */;
		};
/* End PBXTargetDependency section */

/* Begin XCBuildConfiguration section */
		153DCEE2267A2CF600D51E56 /* Debug */ = {
			isa = XCBuildConfiguration;
			buildSettings = {
				BUNDLE_LOADER = "$(TEST_HOST)";
				CODE_SIGN_STYLE = Automatic;
				DEVELOPMENT_TEAM = YW52XX5QKJ;
				INFOPLIST_FILE = "Running-with-Jack-DanielsTests/Info.plist";
				LD_RUNPATH_SEARCH_PATHS = (
					"$(inherited)",
					"@executable_path/Frameworks",
					"@loader_path/Frameworks",
				);
				PRODUCT_BUNDLE_IDENTIFIER = "com.apps4live.Running-with-Jack-DanielsTests";
				PRODUCT_NAME = "$(TARGET_NAME)";
				SWIFT_VERSION = 5.0;
				TARGETED_DEVICE_FAMILY = "1,2";
				TEST_HOST = "$(BUILT_PRODUCTS_DIR)/Running-with-Jack-Daniels.app/Running-with-Jack-Daniels";
			};
			name = Debug;
		};
		153DCEE3267A2CF600D51E56 /* Release */ = {
			isa = XCBuildConfiguration;
			buildSettings = {
				BUNDLE_LOADER = "$(TEST_HOST)";
				CODE_SIGN_STYLE = Automatic;
				DEVELOPMENT_TEAM = YW52XX5QKJ;
				INFOPLIST_FILE = "Running-with-Jack-DanielsTests/Info.plist";
				LD_RUNPATH_SEARCH_PATHS = (
					"$(inherited)",
					"@executable_path/Frameworks",
					"@loader_path/Frameworks",
				);
				PRODUCT_BUNDLE_IDENTIFIER = "com.apps4live.Running-with-Jack-DanielsTests";
				PRODUCT_NAME = "$(TARGET_NAME)";
				SWIFT_VERSION = 5.0;
				TARGETED_DEVICE_FAMILY = "1,2";
				TEST_HOST = "$(BUILT_PRODUCTS_DIR)/Running-with-Jack-Daniels.app/Running-with-Jack-Daniels";
			};
			name = Release;
		};
		15A24D912674C65500A08635 /* Debug */ = {
			isa = XCBuildConfiguration;
			buildSettings = {
				ALWAYS_SEARCH_USER_PATHS = NO;
				CLANG_ANALYZER_NONNULL = YES;
				CLANG_ANALYZER_NUMBER_OBJECT_CONVERSION = YES_AGGRESSIVE;
				CLANG_CXX_LANGUAGE_STANDARD = "gnu++14";
				CLANG_CXX_LIBRARY = "libc++";
				CLANG_ENABLE_MODULES = YES;
				CLANG_ENABLE_OBJC_ARC = YES;
				CLANG_ENABLE_OBJC_WEAK = YES;
				CLANG_WARN_BLOCK_CAPTURE_AUTORELEASING = YES;
				CLANG_WARN_BOOL_CONVERSION = YES;
				CLANG_WARN_COMMA = YES;
				CLANG_WARN_CONSTANT_CONVERSION = YES;
				CLANG_WARN_DEPRECATED_OBJC_IMPLEMENTATIONS = YES;
				CLANG_WARN_DIRECT_OBJC_ISA_USAGE = YES_ERROR;
				CLANG_WARN_DOCUMENTATION_COMMENTS = YES;
				CLANG_WARN_EMPTY_BODY = YES;
				CLANG_WARN_ENUM_CONVERSION = YES;
				CLANG_WARN_INFINITE_RECURSION = YES;
				CLANG_WARN_INT_CONVERSION = YES;
				CLANG_WARN_NON_LITERAL_NULL_CONVERSION = YES;
				CLANG_WARN_OBJC_IMPLICIT_RETAIN_SELF = YES;
				CLANG_WARN_OBJC_LITERAL_CONVERSION = YES;
				CLANG_WARN_OBJC_ROOT_CLASS = YES_ERROR;
				CLANG_WARN_QUOTED_INCLUDE_IN_FRAMEWORK_HEADER = YES;
				CLANG_WARN_RANGE_LOOP_ANALYSIS = YES;
				CLANG_WARN_STRICT_PROTOTYPES = YES;
				CLANG_WARN_SUSPICIOUS_MOVE = YES;
				CLANG_WARN_UNGUARDED_AVAILABILITY = YES_AGGRESSIVE;
				CLANG_WARN_UNREACHABLE_CODE = YES;
				CLANG_WARN__DUPLICATE_METHOD_MATCH = YES;
				COPY_PHASE_STRIP = NO;
				DEBUG_INFORMATION_FORMAT = dwarf;
				ENABLE_STRICT_OBJC_MSGSEND = YES;
				ENABLE_TESTABILITY = YES;
				GCC_C_LANGUAGE_STANDARD = gnu11;
				GCC_DYNAMIC_NO_PIC = NO;
				GCC_NO_COMMON_BLOCKS = YES;
				GCC_OPTIMIZATION_LEVEL = 0;
				GCC_PREPROCESSOR_DEFINITIONS = (
					"DEBUG=1",
					"$(inherited)",
				);
				GCC_WARN_64_TO_32_BIT_CONVERSION = YES;
				GCC_WARN_ABOUT_RETURN_TYPE = YES_ERROR;
				GCC_WARN_UNDECLARED_SELECTOR = YES;
				GCC_WARN_UNINITIALIZED_AUTOS = YES_AGGRESSIVE;
				GCC_WARN_UNUSED_FUNCTION = YES;
				GCC_WARN_UNUSED_VARIABLE = YES;
				IPHONEOS_DEPLOYMENT_TARGET = 14.5;
				MTL_ENABLE_DEBUG_INFO = INCLUDE_SOURCE;
				MTL_FAST_MATH = YES;
				ONLY_ACTIVE_ARCH = YES;
				SDKROOT = iphoneos;
				SWIFT_ACTIVE_COMPILATION_CONDITIONS = DEBUG;
				SWIFT_OPTIMIZATION_LEVEL = "-Onone";
			};
			name = Debug;
		};
		15A24D922674C65500A08635 /* Release */ = {
			isa = XCBuildConfiguration;
			buildSettings = {
				ALWAYS_SEARCH_USER_PATHS = NO;
				CLANG_ANALYZER_NONNULL = YES;
				CLANG_ANALYZER_NUMBER_OBJECT_CONVERSION = YES_AGGRESSIVE;
				CLANG_CXX_LANGUAGE_STANDARD = "gnu++14";
				CLANG_CXX_LIBRARY = "libc++";
				CLANG_ENABLE_MODULES = YES;
				CLANG_ENABLE_OBJC_ARC = YES;
				CLANG_ENABLE_OBJC_WEAK = YES;
				CLANG_WARN_BLOCK_CAPTURE_AUTORELEASING = YES;
				CLANG_WARN_BOOL_CONVERSION = YES;
				CLANG_WARN_COMMA = YES;
				CLANG_WARN_CONSTANT_CONVERSION = YES;
				CLANG_WARN_DEPRECATED_OBJC_IMPLEMENTATIONS = YES;
				CLANG_WARN_DIRECT_OBJC_ISA_USAGE = YES_ERROR;
				CLANG_WARN_DOCUMENTATION_COMMENTS = YES;
				CLANG_WARN_EMPTY_BODY = YES;
				CLANG_WARN_ENUM_CONVERSION = YES;
				CLANG_WARN_INFINITE_RECURSION = YES;
				CLANG_WARN_INT_CONVERSION = YES;
				CLANG_WARN_NON_LITERAL_NULL_CONVERSION = YES;
				CLANG_WARN_OBJC_IMPLICIT_RETAIN_SELF = YES;
				CLANG_WARN_OBJC_LITERAL_CONVERSION = YES;
				CLANG_WARN_OBJC_ROOT_CLASS = YES_ERROR;
				CLANG_WARN_QUOTED_INCLUDE_IN_FRAMEWORK_HEADER = YES;
				CLANG_WARN_RANGE_LOOP_ANALYSIS = YES;
				CLANG_WARN_STRICT_PROTOTYPES = YES;
				CLANG_WARN_SUSPICIOUS_MOVE = YES;
				CLANG_WARN_UNGUARDED_AVAILABILITY = YES_AGGRESSIVE;
				CLANG_WARN_UNREACHABLE_CODE = YES;
				CLANG_WARN__DUPLICATE_METHOD_MATCH = YES;
				COPY_PHASE_STRIP = NO;
				DEBUG_INFORMATION_FORMAT = "dwarf-with-dsym";
				ENABLE_NS_ASSERTIONS = NO;
				ENABLE_STRICT_OBJC_MSGSEND = YES;
				GCC_C_LANGUAGE_STANDARD = gnu11;
				GCC_NO_COMMON_BLOCKS = YES;
				GCC_WARN_64_TO_32_BIT_CONVERSION = YES;
				GCC_WARN_ABOUT_RETURN_TYPE = YES_ERROR;
				GCC_WARN_UNDECLARED_SELECTOR = YES;
				GCC_WARN_UNINITIALIZED_AUTOS = YES_AGGRESSIVE;
				GCC_WARN_UNUSED_FUNCTION = YES;
				GCC_WARN_UNUSED_VARIABLE = YES;
				IPHONEOS_DEPLOYMENT_TARGET = 14.5;
				MTL_ENABLE_DEBUG_INFO = NO;
				MTL_FAST_MATH = YES;
				SDKROOT = iphoneos;
				SWIFT_COMPILATION_MODE = wholemodule;
				SWIFT_OPTIMIZATION_LEVEL = "-O";
				VALIDATE_PRODUCT = YES;
			};
			name = Release;
		};
		15A24D942674C65500A08635 /* Debug */ = {
			isa = XCBuildConfiguration;
			buildSettings = {
				ASSETCATALOG_COMPILER_APPICON_NAME = AppIcon;
				ASSETCATALOG_COMPILER_GLOBAL_ACCENT_COLOR_NAME = AccentColor;
				CODE_SIGN_ENTITLEMENTS = "Running-with-Jack-Daniels/Running-with-Jack-Daniels.entitlements";
				CODE_SIGN_STYLE = Automatic;
				DEVELOPMENT_ASSET_PATHS = "\"Running-with-Jack-Daniels/Preview Content\"";
				DEVELOPMENT_TEAM = YW52XX5QKJ;
				ENABLE_PREVIEWS = YES;
				INFOPLIST_FILE = "Running-with-Jack-Daniels/Info.plist";
				IPHONEOS_DEPLOYMENT_TARGET = 14.5;
				LD_RUNPATH_SEARCH_PATHS = (
					"$(inherited)",
					"@executable_path/Frameworks",
				);
				PRODUCT_BUNDLE_IDENTIFIER = "com.apps4live.Running-with-Jack-Daniels";
				PRODUCT_NAME = "$(TARGET_NAME)";
				SWIFT_VERSION = 5.0;
				TARGETED_DEVICE_FAMILY = 1;
			};
			name = Debug;
		};
		15A24D952674C65500A08635 /* Release */ = {
			isa = XCBuildConfiguration;
			buildSettings = {
				ASSETCATALOG_COMPILER_APPICON_NAME = AppIcon;
				ASSETCATALOG_COMPILER_GLOBAL_ACCENT_COLOR_NAME = AccentColor;
				CODE_SIGN_ENTITLEMENTS = "Running-with-Jack-Daniels/Running-with-Jack-Daniels.entitlements";
				CODE_SIGN_STYLE = Automatic;
				DEVELOPMENT_ASSET_PATHS = "\"Running-with-Jack-Daniels/Preview Content\"";
				DEVELOPMENT_TEAM = YW52XX5QKJ;
				ENABLE_PREVIEWS = YES;
				INFOPLIST_FILE = "Running-with-Jack-Daniels/Info.plist";
				IPHONEOS_DEPLOYMENT_TARGET = 14.5;
				LD_RUNPATH_SEARCH_PATHS = (
					"$(inherited)",
					"@executable_path/Frameworks",
				);
				PRODUCT_BUNDLE_IDENTIFIER = "com.apps4live.Running-with-Jack-Daniels";
				PRODUCT_NAME = "$(TARGET_NAME)";
				SWIFT_VERSION = 5.0;
				TARGETED_DEVICE_FAMILY = 1;
			};
			name = Release;
		};
/* End XCBuildConfiguration section */

/* Begin XCConfigurationList section */
		153DCEE1267A2CF600D51E56 /* Build configuration list for PBXNativeTarget "Running-with-Jack-DanielsTests" */ = {
			isa = XCConfigurationList;
			buildConfigurations = (
				153DCEE2267A2CF600D51E56 /* Debug */,
				153DCEE3267A2CF600D51E56 /* Release */,
			);
			defaultConfigurationIsVisible = 0;
			defaultConfigurationName = Release;
		};
		15A24D7F2674C65200A08635 /* Build configuration list for PBXProject "Running-with-Jack-Daniels" */ = {
			isa = XCConfigurationList;
			buildConfigurations = (
				15A24D912674C65500A08635 /* Debug */,
				15A24D922674C65500A08635 /* Release */,
			);
			defaultConfigurationIsVisible = 0;
			defaultConfigurationName = Release;
		};
		15A24D932674C65500A08635 /* Build configuration list for PBXNativeTarget "Running-with-Jack-Daniels" */ = {
			isa = XCConfigurationList;
			buildConfigurations = (
				15A24D942674C65500A08635 /* Debug */,
				15A24D952674C65500A08635 /* Release */,
			);
			defaultConfigurationIsVisible = 0;
			defaultConfigurationName = Release;
		};
/* End XCConfigurationList section */
	};
	rootObject = 15A24D7C2674C65200A08635 /* Project object */;
}
